lockVersion: 2.0.0
id: b81e5def-5b1e-4753-ae7c-0efccc2e6f61
management:
  docChecksum: 27d627f3467fc5026cf3053315a38346
  docVersion: 2.0.0
  speakeasyVersion: 1.321.0
  generationVersion: 2.354.2
  releaseVersion: 0.2.2
  configChecksum: e404ecb9c97fbbb591b8f4269a4ebe60
features:
  go:
    additionalDependencies: 0.1.0
    core: 3.4.14
    flattening: 2.81.1
    globalSecurity: 2.82.9
    globalSecurityCallbacks: 0.1.0
    globalServerURLs: 2.82.2
    intellisenseMarkdownSupport: 0.1.0
    nullables: 0.1.0
    responseFormat: 0.1.2
    sdkHooks: 0.1.0
    unions: 2.85.8
generatedFiles:
  - controlplanes.go
  - controlplanegroups.go
  - sdk.go
  - go.mod
  - models/sdkerrors/sdkerror.go
  - types/bigint.go
  - types/date.go
  - types/datetime.go
  - types/decimal.go
  - types/pointers.go
  - internal/utils/contenttype.go
  - internal/utils/form.go
  - internal/utils/headers.go
  - internal/utils/json.go
  - internal/utils/pathparams.go
  - internal/utils/queryparams.go
  - internal/utils/requestbody.go
  - internal/utils/retries.go
  - internal/utils/security.go
  - internal/utils/utils.go
  - /models/operations/createcontrolplane.go
  - /models/operations/getcontrolplane.go
  - /models/operations/updatecontrolplane.go
  - /models/operations/deletecontrolplane.go
  - /models/operations/postcontrolplanesidgroupmembershipsadd.go
  - /models/operations/postcontrolplanesidgroupmembershipsremove.go
  - /models/components/controlplane.go
  - /models/components/invalidparameters.go
  - /models/components/invalidparameterchoiceitem.go
  - /models/components/invalidrules.go
  - /models/components/invalidparameterdependentitem.go
  - /models/components/createcontrolplanerequest.go
  - /models/components/proxyurl.go
  - /models/components/updatecontrolplanerequest.go
  - /models/components/groupmembership.go
  - /models/components/security.go
  - /models/sdkerrors/badrequesterror.go
  - /models/sdkerrors/unauthorizederror.go
  - /models/sdkerrors/forbiddenerror.go
  - /models/sdkerrors/conflicterror.go
  - /models/sdkerrors/internalservererror.go
  - /models/sdkerrors/serviceunavailable.go
  - /models/sdkerrors/notfounderror.go
  - docs/models/operations/createcontrolplaneresponse.md
  - docs/models/operations/getcontrolplanerequest.md
  - docs/models/operations/getcontrolplaneresponse.md
  - docs/models/operations/updatecontrolplanerequest.md
  - docs/models/operations/updatecontrolplaneresponse.md
  - docs/models/operations/deletecontrolplanerequest.md
  - docs/models/operations/deletecontrolplaneresponse.md
  - docs/models/operations/postcontrolplanesidgroupmembershipsaddrequest.md
  - docs/models/operations/postcontrolplanesidgroupmembershipsaddresponse.md
  - docs/models/operations/postcontrolplanesidgroupmembershipsremoverequest.md
  - docs/models/operations/postcontrolplanesidgroupmembershipsremoveresponse.md
  - docs/models/components/config.md
  - docs/models/components/controlplane.md
  - docs/models/components/invalidparameters.md
  - docs/models/components/invalidparameterchoiceitem.md
  - docs/models/components/invalidrules.md
  - docs/models/components/rule.md
  - docs/models/components/invalidparameterdependentitem.md
  - docs/models/components/clustertype.md
  - docs/models/components/authtype.md
  - docs/models/components/createcontrolplanerequest.md
  - docs/models/components/proxyurl.md
  - docs/models/components/updatecontrolplanerequestauthtype.md
  - docs/models/components/updatecontrolplanerequest.md
  - docs/models/components/members.md
  - docs/models/components/groupmembership.md
  - docs/models/components/security.md
  - docs/models/sdkerrors/badrequesterror.md
  - docs/models/sdkerrors/unauthorizederror.md
  - docs/models/sdkerrors/forbiddenerror.md
  - docs/models/sdkerrors/conflicterror.md
  - docs/models/sdkerrors/status.md
  - docs/models/sdkerrors/internalservererror.md
  - docs/models/sdkerrors/serviceunavailablestatus.md
  - docs/models/sdkerrors/serviceunavailable.md
  - docs/models/sdkerrors/notfounderror.md
  - USAGE.md
  - .gitattributes
  - internal/hooks/hooks.go
