speakeasyVersion: 1.321.0
sources:
    konnect:
        sourceNamespace: konnect
        sourceRevisionDigest: sha256:dd299f1c2541952d5f585ce7b30a6eb8d2716c6ec808e75ec673dce917a83900
        sourceBlobDigest: sha256:396de0a311e6c54721c9a7602cfb2cb23d62f125c3ae4f477d7dab202539b024
        tags:
            - latest
targets:
    go:
        source: konnect
        sourceNamespace: konnect
        sourceRevisionDigest: sha256:dd299f1c2541952d5f585ce7b30a6eb8d2716c6ec808e75ec673dce917a83900
        sourceBlobDigest: sha256:396de0a311e6c54721c9a7602cfb2cb23d62f125c3ae4f477d7dab202539b024
        outLocation: .
workflow:
    workflowVersion: 1.0.0
    speakeasyVersion: latest
    sources:
        konnect:
            inputs:
                - location: ./openapi.yaml
            registry:
                location: registry.speakeasyapi.dev/kong/kong/konnect
    targets:
        go:
            target: go
            source: konnect
            output: .
